
Microsoft Visual Studio Solution File, Format Version 12.00
# Visual Studio Version 17
VisualStudioVersion = 17.8.34316.72
MinimumVisualStudioVersion = 10.0.40219.1
Project("{9A19103F-16F7-4668-BE54-9A1E7A4F7556}") = "ForgetTheBookie.Api", "ForgetTheBookie.Api\ForgetTheBookie.Api.csproj", "{3D6D539E-D9D1-4B68-9F2A-8634BCE0E8A2}"
EndProject
Project("{FAE04EC0-301F-11D3-BF4B-00C04F79EFBC}") = "ForgetTheBookie.Database", "ForgetTheBookie.Database\ForgetTheBookie.Database.csproj", "{72ACB4F7-C29E-419A-B7DE-45A98DC91BF0}"
EndProject
Global
	GlobalSection(SolutionConfigurationPlatforms) = preSolution
		Debug|Any CPU = Debug|Any CPU
		Release|Any CPU = Release|Any CPU
	EndGlobalSection
	GlobalSection(ProjectConfigurationPlatforms) = postSolution
		{3D6D539E-D9D1-4B68-9F2A-8634BCE0E8A2}.Debug|Any CPU.ActiveCfg = Debug|Any CPU
		{3D6D539E-D9D1-4B68-9F2A-8634BCE0E8A2}.Debug|Any CPU.Build.0 = Debug|Any CPU
		{3D6D539E-D9D1-4B68-9F2A-8634BCE0E8A2}.Release|Any CPU.ActiveCfg = Release|Any CPU
		{3D6D539E-D9D1-4B68-9F2A-8634BCE0E8A2}.Release|Any CPU.Build.0 = Release|Any CPU
		{72ACB4F7-C29E-419A-B7DE-45A98DC91BF0}.Debug|Any CPU.ActiveCfg = Debug|Any CPU
		{72ACB4F7-C29E-419A-B7DE-45A98DC91BF0}.Debug|Any CPU.Build.0 = Debug|Any CPU
		{72ACB4F7-C29E-419A-B7DE-45A98DC91BF0}.Release|Any CPU.ActiveCfg = Release|Any CPU
		{72ACB4F7-C29E-419A-B7DE-45A98DC91BF0}.Release|Any CPU.Build.0 = Release|Any CPU
	EndGlobalSection
	GlobalSection(SolutionProperties) = preSolution
		HideSolutionNode = FALSE
	EndGlobalSection
	GlobalSection(ExtensibilityGlobals) = postSolution
		SolutionGuid = {69ED9C5E-3335-4933-BEE4-D5B68F5614DB}
	EndGlobalSection
EndGlobal
